// !$*UTF8*$!
{
	archiveVersion = 1;
	classes = {
	};
	objectVersion = 50;
	objects = {

/* Begin PBXBuildFile section */
		ABFBE008248B00F6006D8A90 /* AppDelegate.swift in Sources */ = {isa = PBXBuildFile; fileRef = ABFBE007248B00F6006D8A90 /* AppDelegate.swift */; };
		ABFBE00A248B00F6006D8A90 /* SceneDelegate.swift in Sources */ = {isa = PBXBuildFile; fileRef = ABFBE009248B00F6006D8A90 /* SceneDelegate.swift */; };
		ABFBE00C248B00F6006D8A90 /* ViewController.swift in Sources */ = {isa = PBXBuildFile; fileRef = ABFBE00B248B00F6006D8A90 /* ViewController.swift */; };
		ABFBE00F248B00F6006D8A90 /* Main.storyboard in Resources */ = {isa = PBXBuildFile; fileRef = ABFBE00D248B00F6006D8A90 /* Main.storyboard */; };
		ABFBE011248B00F7006D8A90 /* Assets.xcassets in Resources */ = {isa = PBXBuildFile; fileRef = ABFBE010248B00F7006D8A90 /* Assets.xcassets */; };
		ABFBE014248B00F7006D8A90 /* LaunchScreen.storyboard in Resources */ = {isa = PBXBuildFile; fileRef = ABFBE012248B00F7006D8A90 /* LaunchScreen.storyboard */; };
/* End PBXBuildFile section */

/* Begin PBXFileReference section */
		ABFBE004248B00F6006D8A90 /* Heros.app */ = {isa = PBXFileReference; explicitFileType = wrapper.application; includeInIndex = 0; path = Heros.app; sourceTree = BUILT_PRODUCTS_DIR; };
		ABFBE007248B00F6006D8A90 /* AppDelegate.swift */ = {isa = PBXFileReference; lastKnownFileType = sourcecode.swift; path = AppDelegate.swift; sourceTree = "<group>"; };
		ABFBE009248B00F6006D8A90 /* SceneDelegate.swift */ = {isa = PBXFileReference; lastKnownFileType = sourcecode.swift; path = SceneDelegate.swift; sourceTree = "<group>"; };
		ABFBE00B248B00F6006D8A90 /* ViewController.swift */ = {isa = PBXFileReference; lastKnownFileType = sourcecode.swift; path = ViewController.swift; sourceTree = "<group>"; };
		ABFBE00E248B00F6006D8A90 /* Base */ = {isa = PBXFileReference; lastKnownFileType = file.storyboard; name = Base; path = Base.lproj/Main.storyboard; sourceTree = "<group>"; };
		ABFBE010248B00F7006D8A90 /* Assets.xcassets */ = {isa = PBXFileReference; lastKnownFileType = folder.assetcatalog; path = Assets.xcassets; sourceTree = "<group>"; };
		ABFBE013248B00F7006D8A90 /* Base */ = {isa = PBXFileReference; lastKnownFileType = file.storyboard; name = Base; path = Base.lproj/LaunchScreen.storyboard; sourceTree = "<group>"; };
		ABFBE015248B00F7006D8A90 /* Info.plist */ = {isa = PBXFileReference; lastKnownFileType = text.plist.xml; path = Info.plist; sourceTree = "<group>"; };
/* End PBXFileReference section */

/* Begin PBXFrameworksBuildPhase section */
		ABFBE001248B00F6006D8A90 /* Frameworks */ = {
			isa = PBXFrameworksBuildPhase;
			buildActionMask = 2147483647;
			files = (
			);
			runOnlyForDeploymentPostprocessing = 0;
		};
/* End PBXFrameworksBuildPhase section */

/* Begin PBXGroup section */
		ABFBDFFB248B00F6006D8A90 = {
			isa = PBXGroup;
			children = (
				ABFBE006248B00F6006D8A90 /* Heros */,
				ABFBE005248B00F6006D8A90 /* Products */,
			);
			sourceTree = "<group>";
		};
		ABFBE005248B00F6006D8A90 /* Products */ = {
			isa = PBXGroup;
			children = (
				ABFBE004248B00F6006D8A90 /* Heros.app */,
			);
			name = Products;
			sourceTree = "<group>";
		};
		ABFBE006248B00F6006D8A90 /* Heros */ = {
			isa = PBXGroup;
			children = (
				ABFBE007248B00F6006D8A90 /* AppDelegate.swift */,
				ABFBE009248B00F6006D8A90 /* SceneDelegate.swift */,
				ABFBE00B248B00F6006D8A90 /* ViewController.swift */,
				ABFBE00D248B00F6006D8A90 /* Main.storyboard */,
				ABFBE010248B00F7006D8A90 /* Assets.xcassets */,
				ABFBE012248B00F7006D8A90 /* LaunchScreen.storyboard */,
				ABFBE015248B00F7006D8A90 /* Info.plist */,
			);
			path = Heros;
			sourceTree = "<group>";
		};
/* End PBXGroup section */

/* Begin PBXNativeTarget section */
		ABFBE003248B00F6006D8A90 /* Heros */ = {
			isa = PBXNativeTarget;
			buildConfigurationList = ABFBE018248B00F7006D8A90 /* Build configuration list for PBXNativeTarget "Heros" */;
			buildPhases = (
				ABFBE000248B00F6006D8A90 /* Sources */,
				ABFBE001248B00F6006D8A90 /* Frameworks */,
				ABFBE002248B00F6006D8A90 /* Resources */,
			);
			buildRules = (
			);
			dependencies = (
			);
			name = Heros;
			productName = Heros;
			productReference = ABFBE004248B00F6006D8A90 /* Heros.app */;
			productType = "com.apple.product-type.application";
		};
/* End PBXNativeTarget section */

/* Begin PBXProject section */
		ABFBDFFC248B00F6006D8A90 /* Project object */ = {
			isa = PBXProject;
			attributes = {
				LastSwiftUpdateCheck = 1150;
				LastUpgradeCheck = 1150;
				ORGANIZATIONNAME = "Marcelo Block Teixeira";
				TargetAttributes = {
					ABFBE003248B00F6006D8A90 = {
						CreatedOnToolsVersion = 11.5;
					};
				};
			};
			buildConfigurationList = ABFBDFFF248B00F6006D8A90 /* Build configuration list for PBXProject "Heros" */;
			compatibilityVersion = "Xcode 9.3";
			developmentRegion = en;
			hasScannedForEncodings = 0;
			knownRegions = (
				en,
				Base,
			);
			mainGroup = ABFBDFFB248B00F6006D8A90;
			productRefGroup = ABFBE005248B00F6006D8A90 /* Products */;
			projectDirPath = "";
			projectRoot = "";
			targets = (
				ABFBE003248B00F6006D8A90 /* Heros */,
			);
		};
/* End PBXProject section */

/* Begin PBXResourcesBuildPhase section */
		ABFBE002248B00F6006D8A90 /* Resources */ = {
			isa = PBXResourcesBuildPhase;
			buildActionMask = 2147483647;
			files = (
				ABFBE014248B00F7006D8A90 /* LaunchScreen.storyboard in Resources */,
				ABFBE011248B00F7006D8A90 /* Assets.xcassets in Resources */,
				ABFBE00F248B00F6006D8A90 /* Main.storyboard in Resources */,
			);
			runOnlyForDeploymentPostprocessing = 0;
		};
/* End PBXResourcesBuildPhase section */

/* Begin PBXSourcesBuildPhase section */
		ABFBE000248B00F6006D8A90 /* Sources */ = {
			isa = PBXSourcesBuildPhase;
			buildActionMask = 2147483647;
			files = (
				ABFBE00C248B00F6006D8A90 /* ViewController.swift in Sources */,
				ABFBE008248B00F6006D8A90 /* AppDelegate.swift in Sources */,
				ABFBE00A248B00F6006D8A90 /* SceneDelegate.swift in Sources */,
			);
			runOnlyForDeploymentPostprocessing = 0;
		};
/* End PBXSourcesBuildPhase section */

/* Begin PBXVariantGroup section */
		ABFBE00D248B00F6006D8A90 /* Main.storyboard */ = {
			isa = PBXVariantGroup;
			children = (
				ABFBE00E248B00F6006D8A90 /* Base */,
			);
			name = Main.storyboard;
			sourceTree = "<group>";
		};
		ABFBE012248B00F7006D8A90 /* LaunchScreen.storyboard */ = {
			isa = PBXVariantGroup;
			children = (
				ABFBE013248B00F7006D8A90 /* Base */,
			);
			name = LaunchScreen.storyboard;
			sourceTree = "<group>";
		};
/* End PBXVariantGroup section */

/* Begin XCBuildConfiguration section */
		ABFBE016248B00F7006D8A90 /* Debug */ = {
			isa = XCBuildConfiguration;
			buildSettings = {
				ALWAYS_SEARCH_USER_PATHS = NO;
				CLANG_ANALYZER_NONNULL = YES;
				CLANG_ANALYZER_NUMBER_OBJECT_CONVERSION = YES_AGGRESSIVE;
				CLANG_CXX_LANGUAGE_STANDARD = "gnu++14";
				CLANG_CXX_LIBRARY = "libc++";
				CLANG_ENABLE_MODULES = YES;
				CLANG_ENABLE_OBJC_ARC = YES;
				CLANG_ENABLE_OBJC_WEAK = YES;
				CLANG_WARN_BLOCK_CAPTURE_AUTORELEASING = YES;
				CLANG_WARN_BOOL_CONVERSION = YES;
				CLANG_WARN_COMMA = YES;
				CLANG_WARN_CONSTANT_CONVERSION = YES;
				CLANG_WARN_DEPRECATED_OBJC_IMPLEMENTATIONS = YES;
				CLANG_WARN_DIRECT_OBJC_ISA_USAGE = YES_ERROR;
				CLANG_WARN_DOCUMENTATION_COMMENTS = YES;
				CLANG_WARN_EMPTY_BODY = YES;
				CLANG_WARN_ENUM_CONVERSION = YES;
				CLANG_WARN_INFINITE_RECURSION = YES;
				CLANG_WARN_INT_CONVERSION = YES;
				CLANG_WARN_NON_LITERAL_NULL_CONVERSION = YES;
				CLANG_WARN_OBJC_IMPLICIT_RETAIN_SELF = YES;
				CLANG_WARN_OBJC_LITERAL_CONVERSION = YES;
				CLANG_WARN_OBJC_ROOT_CLASS = YES_ERROR;
				CLANG_WARN_RANGE_LOOP_ANALYSIS = YES;
				CLANG_WARN_STRICT_PROTOTYPES = YES;
				CLANG_WARN_SUSPICIOUS_MOVE = YES;
				CLANG_WARN_UNGUARDED_AVAILABILITY = YES_AGGRESSIVE;
				CLANG_WARN_UNREACHABLE_CODE = YES;
				CLANG_WARN__DUPLICATE_METHOD_MATCH = YES;
				COPY_PHASE_STRIP = NO;
				DEBUG_INFORMATION_FORMAT = dwarf;
				ENABLE_STRICT_OBJC_MSGSEND = YES;
				ENABLE_TESTABILITY = YES;
				GCC_C_LANGUAGE_STANDARD = gnu11;
				GCC_DYNAMIC_NO_PIC = NO;
				GCC_NO_COMMON_BLOCKS = YES;
				GCC_OPTIMIZATION_LEVEL = 0;
				GCC_PREPROCESSOR_DEFINITIONS = (
					"DEBUG=1",
					"$(inherited)",
				);
				GCC_WARN_64_TO_32_BIT_CONVERSION = YES;
				GCC_WARN_ABOUT_RETURN_TYPE = YES_ERROR;
				GCC_WARN_UNDECLARED_SELECTOR = YES;
				GCC_WARN_UNINITIALIZED_AUTOS = YES_AGGRESSIVE;
				GCC_WARN_UNUSED_FUNCTION = YES;
				GCC_WARN_UNUSED_VARIABLE = YES;
				IPHONEOS_DEPLOYMENT_TARGET = 13.5;
				MTL_ENABLE_DEBUG_INFO = INCLUDE_SOURCE;
				MTL_FAST_MATH = YES;
				ONLY_ACTIVE_ARCH = YES;
				SDKROOT = iphoneos;
				SWIFT_ACTIVE_COMPILATION_CONDITIONS = DEBUG;
				SWIFT_OPTIMIZATION_LEVEL = "-Onone";
			};
			name = Debug;
		};
		ABFBE017248B00F7006D8A90 /* Release */ = {
			isa = XCBuildConfiguration;
			buildSettings = {
				ALWAYS_SEARCH_USER_PATHS = NO;
				CLANG_ANALYZER_NONNULL = YES;
				CLANG_ANALYZER_NUMBER_OBJECT_CONVERSION = YES_AGGRESSIVE;
				CLANG_CXX_LANGUAGE_STANDARD = "gnu++14";
				CLANG_CXX_LIBRARY = "libc++";
				CLANG_ENABLE_MODULES = YES;
				CLANG_ENABLE_OBJC_ARC = YES;
				CLANG_ENABLE_OBJC_WEAK = YES;
				CLANG_WARN_BLOCK_CAPTURE_AUTORELEASING = YES;
				CLANG_WARN_BOOL_CONVERSION = YES;
				CLANG_WARN_COMMA = YES;
				CLANG_WARN_CONSTANT_CONVERSION = YES;
				CLANG_WARN_DEPRECATED_OBJC_IMPLEMENTATIONS = YES;
				CLANG_WARN_DIRECT_OBJC_ISA_USAGE = YES_ERROR;
				CLANG_WARN_DOCUMENTATION_COMMENTS = YES;
				CLANG_WARN_EMPTY_BODY = YES;
				CLANG_WARN_ENUM_CONVERSION = YES;
				CLANG_WARN_INFINITE_RECURSION = YES;
				CLANG_WARN_INT_CONVERSION = YES;
				CLANG_WARN_NON_LITERAL_NULL_CONVERSION = YES;
				CLANG_WARN_OBJC_IMPLICIT_RETAIN_SELF = YES;
				CLANG_WARN_OBJC_LITERAL_CONVERSION = YES;
				CLANG_WARN_OBJC_ROOT_CLASS = YES_ERROR;
				CLANG_WARN_RANGE_LOOP_ANALYSIS = YES;
				CLANG_WARN_STRICT_PROTOTYPES = YES;
				CLANG_WARN_SUSPICIOUS_MOVE = YES;
				CLANG_WARN_UNGUARDED_AVAILABILITY = YES_AGGRESSIVE;
				CLANG_WARN_UNREACHABLE_CODE = YES;
				CLANG_WARN__DUPLICATE_METHOD_MATCH = YES;
				COPY_PHASE_STRIP = NO;
				DEBUG_INFORMATION_FORMAT = "dwarf-with-dsym";
				ENABLE_NS_ASSERTIONS = NO;
				ENABLE_STRICT_OBJC_MSGSEND = YES;
				GCC_C_LANGUAGE_STANDARD = gnu11;
				GCC_NO_COMMON_BLOCKS = YES;
				GCC_WARN_64_TO_32_BIT_CONVERSION = YES;
				GCC_WARN_ABOUT_RETURN_TYPE = YES_ERROR;
				GCC_WARN_UNDECLARED_SELECTOR = YES;
				GCC_WARN_UNINITIALIZED_AUTOS = YES_AGGRESSIVE;
				GCC_WARN_UNUSED_FUNCTION = YES;
				GCC_WARN_UNUSED_VARIABLE = YES;
				IPHONEOS_DEPLOYMENT_TARGET = 13.5;
				MTL_ENABLE_DEBUG_INFO = NO;
				MTL_FAST_MATH = YES;
				SDKROOT = iphoneos;
				SWIFT_COMPILATION_MODE = wholemodule;
				SWIFT_OPTIMIZATION_LEVEL = "-O";
				VALIDATE_PRODUCT = YES;
			};
			name = Release;
		};
		ABFBE019248B00F7006D8A90 /* Debug */ = {
			isa = XCBuildConfiguration;
			buildSettings = {
				ASSETCATALOG_COMPILER_APPICON_NAME = AppIcon;
				CODE_SIGN_STYLE = Automatic;
				DEVELOPMENT_TEAM = D9D6JL4SD7;
				INFOPLIST_FILE = Heros/Info.plist;
				LD_RUNPATH_SEARCH_PATHS = (
					"$(inherited)",
					"@executable_path/Frameworks",
				);
				PRODUCT_BUNDLE_IDENTIFIER = br.com.marcelo.Heros;
				PRODUCT_NAME = "$(TARGET_NAME)";
				SWIFT_VERSION = 5.0;
				TARGETED_DEVICE_FAMILY = "1,2";
			};
			name = Debug;
		};
		ABFBE01A248B00F7006D8A90 /* Release */ = {
			isa = XCBuildConfiguration;
			buildSettings = {
				ASSETCATALOG_COMPILER_APPICON_NAME = AppIcon;
				CODE_SIGN_STYLE = Automatic;
				DEVELOPMENT_TEAM = D9D6JL4SD7;
				INFOPLIST_FILE = Heros/Info.plist;
				LD_RUNPATH_SEARCH_PATHS = (
					"$(inherited)",
					"@executable_path/Frameworks",
				);
				PRODUCT_BUNDLE_IDENTIFIER = br.com.marcelo.Heros;
				PRODUCT_NAME = "$(TARGET_NAME)";
				SWIFT_VERSION = 5.0;
				TARGETED_DEVICE_FAMILY = "1,2";
			};
			name = Release;
		};
/* End XCBuildConfiguration section */

/* Begin XCConfigurationList section */
		ABFBDFFF248B00F6006D8A90 /* Build configuration list for PBXProject "Heros" */ = {
			isa = XCConfigurationList;
			buildConfigurations = (
				ABFBE016248B00F7006D8A90 /* Debug */,
				ABFBE017248B00F7006D8A90 /* Release */,
			);
			defaultConfigurationIsVisible = 0;
			defaultConfigurationName = Release;
		};
		ABFBE018248B00F7006D8A90 /* Build configuration list for PBXNativeTarget "Heros" */ = {
			isa = XCConfigurationList;
			buildConfigurations = (
				ABFBE019248B00F7006D8A90 /* Debug */,
				ABFBE01A248B00F7006D8A90 /* Release */,
			);
			defaultConfigurationIsVisible = 0;
			defaultConfigurationName = Release;
		};
/* End XCConfigurationList section */
	};
	rootObject = ABFBDFFC248B00F6006D8A90 /* Project object */;
}
