// !$*UTF8*$!
{
	archiveVersion = 1;
	classes = {
	};
	objectVersion = 51;
	objects = {

/* Begin PBXBuildFile section */
		91D0BEA3412CA627F1626E5B /* Pods_Heros.framework in Frameworks */ = {isa = PBXBuildFile; fileRef = 059519BCA119D49DCD1CD7F3 /* Pods_Heros.framework */; };
		AB24D47C2491231A0055153C /* ApiController.swift in Sources */ = {isa = PBXBuildFile; fileRef = AB24D47B2491231A0055153C /* ApiController.swift */; };
		AB68950D24919BA800A3D827 /* MarvelClass.swift in Sources */ = {isa = PBXBuildFile; fileRef = AB68950C24919BA700A3D827 /* MarvelClass.swift */; };
		AB68950F2491A34800A3D827 /* HerosTableViewController.swift in Sources */ = {isa = PBXBuildFile; fileRef = AB68950E2491A34800A3D827 /* HerosTableViewController.swift */; };
		AB948C62249C2CEA009A1DBE /* HeroTableViewCell.swift in Sources */ = {isa = PBXBuildFile; fileRef = AB948C61249C2CEA009A1DBE /* HeroTableViewCell.swift */; };
		ABC40DF024A1771B007AA734 /* HeroViewController.swift in Sources */ = {isa = PBXBuildFile; fileRef = ABC40DEF24A1771B007AA734 /* HeroViewController.swift */; };
		ABFBE008248B00F6006D8A90 /* AppDelegate.swift in Sources */ = {isa = PBXBuildFile; fileRef = ABFBE007248B00F6006D8A90 /* AppDelegate.swift */; };
		ABFBE00A248B00F6006D8A90 /* SceneDelegate.swift in Sources */ = {isa = PBXBuildFile; fileRef = ABFBE009248B00F6006D8A90 /* SceneDelegate.swift */; };
		ABFBE00C248B00F6006D8A90 /* ViewController.swift in Sources */ = {isa = PBXBuildFile; fileRef = ABFBE00B248B00F6006D8A90 /* ViewController.swift */; };
		ABFBE00F248B00F6006D8A90 /* Main.storyboard in Resources */ = {isa = PBXBuildFile; fileRef = ABFBE00D248B00F6006D8A90 /* Main.storyboard */; };
		ABFBE011248B00F7006D8A90 /* Assets.xcassets in Resources */ = {isa = PBXBuildFile; fileRef = ABFBE010248B00F7006D8A90 /* Assets.xcassets */; };
		ABFBE014248B00F7006D8A90 /* LaunchScreen.storyboard in Resources */ = {isa = PBXBuildFile; fileRef = ABFBE012248B00F7006D8A90 /* LaunchScreen.storyboard */; };
/* End PBXBuildFile section */

/* Begin PBXFileReference section */
		059519BCA119D49DCD1CD7F3 /* Pods_Heros.framework */ = {isa = PBXFileReference; explicitFileType = wrapper.framework; includeInIndex = 0; path = Pods_Heros.framework; sourceTree = BUILT_PRODUCTS_DIR; };
		0823D3CD4A29E4440D939C68 /* Pods-Heros.debug.xcconfig */ = {isa = PBXFileReference; includeInIndex = 1; lastKnownFileType = text.xcconfig; name = "Pods-Heros.debug.xcconfig"; path = "Target Support Files/Pods-Heros/Pods-Heros.debug.xcconfig"; sourceTree = "<group>"; };
		AB24D47B2491231A0055153C /* ApiController.swift */ = {isa = PBXFileReference; lastKnownFileType = sourcecode.swift; path = ApiController.swift; sourceTree = "<group>"; };
		AB68950C24919BA700A3D827 /* MarvelClass.swift */ = {isa = PBXFileReference; fileEncoding = 4; lastKnownFileType = sourcecode.swift; path = MarvelClass.swift; sourceTree = "<group>"; };
		AB68950E2491A34800A3D827 /* HerosTableViewController.swift */ = {isa = PBXFileReference; lastKnownFileType = sourcecode.swift; path = HerosTableViewController.swift; sourceTree = "<group>"; };
		AB6895102491A7C500A3D827 /* Heros-Bridging-Header.h */ = {isa = PBXFileReference; lastKnownFileType = sourcecode.c.h; path = "Heros-Bridging-Header.h"; sourceTree = "<group>"; };
		AB948C61249C2CEA009A1DBE /* HeroTableViewCell.swift */ = {isa = PBXFileReference; lastKnownFileType = sourcecode.swift; path = HeroTableViewCell.swift; sourceTree = "<group>"; };
		ABC40DEF24A1771B007AA734 /* HeroViewController.swift */ = {isa = PBXFileReference; lastKnownFileType = sourcecode.swift; path = HeroViewController.swift; sourceTree = "<group>"; };
		ABFBE004248B00F6006D8A90 /* Heros.app */ = {isa = PBXFileReference; explicitFileType = wrapper.application; includeInIndex = 0; path = Heros.app; sourceTree = BUILT_PRODUCTS_DIR; };
		ABFBE007248B00F6006D8A90 /* AppDelegate.swift */ = {isa = PBXFileReference; lastKnownFileType = sourcecode.swift; path = AppDelegate.swift; sourceTree = "<group>"; };
		ABFBE009248B00F6006D8A90 /* SceneDelegate.swift */ = {isa = PBXFileReference; lastKnownFileType = sourcecode.swift; path = SceneDelegate.swift; sourceTree = "<group>"; };
		ABFBE00B248B00F6006D8A90 /* ViewController.swift */ = {isa = PBXFileReference; lastKnownFileType = sourcecode.swift; path = ViewController.swift; sourceTree = "<group>"; };
		ABFBE00E248B00F6006D8A90 /* Base */ = {isa = PBXFileReference; lastKnownFileType = file.storyboard; name = Base; path = Base.lproj/Main.storyboard; sourceTree = "<group>"; };
		ABFBE010248B00F7006D8A90 /* Assets.xcassets */ = {isa = PBXFileReference; lastKnownFileType = folder.assetcatalog; path = Assets.xcassets; sourceTree = "<group>"; };
		ABFBE013248B00F7006D8A90 /* Base */ = {isa = PBXFileReference; lastKnownFileType = file.storyboard; name = Base; path = Base.lproj/LaunchScreen.storyboard; sourceTree = "<group>"; };
		ABFBE015248B00F7006D8A90 /* Info.plist */ = {isa = PBXFileReference; lastKnownFileType = text.plist.xml; path = Info.plist; sourceTree = "<group>"; };
		DD53C46557704D16594605B7 /* Pods-Heros.release.xcconfig */ = {isa = PBXFileReference; includeInIndex = 1; lastKnownFileType = text.xcconfig; name = "Pods-Heros.release.xcconfig"; path = "Target Support Files/Pods-Heros/Pods-Heros.release.xcconfig"; sourceTree = "<group>"; };
/* End PBXFileReference section */

/* Begin PBXFrameworksBuildPhase section */
		ABFBE001248B00F6006D8A90 /* Frameworks */ = {
			isa = PBXFrameworksBuildPhase;
			buildActionMask = 2147483647;
			files = (
				91D0BEA3412CA627F1626E5B /* Pods_Heros.framework in Frameworks */,
			);
			runOnlyForDeploymentPostprocessing = 0;
		};
/* End PBXFrameworksBuildPhase section */

/* Begin PBXGroup section */
		52F344FD510F746B0C890E80 /* Pods */ = {
			isa = PBXGroup;
			children = (
				0823D3CD4A29E4440D939C68 /* Pods-Heros.debug.xcconfig */,
				DD53C46557704D16594605B7 /* Pods-Heros.release.xcconfig */,
			);
			path = Pods;
			sourceTree = "<group>";
		};
		ABFBDFFB248B00F6006D8A90 = {
			isa = PBXGroup;
			children = (
				ABFBE006248B00F6006D8A90 /* Heros */,
				ABFBE005248B00F6006D8A90 /* Products */,
				52F344FD510F746B0C890E80 /* Pods */,
				BC03CA3994393E5FE759B3DD /* Frameworks */,
			);
			sourceTree = "<group>";
		};
		ABFBE005248B00F6006D8A90 /* Products */ = {
			isa = PBXGroup;
			children = (
				ABFBE004248B00F6006D8A90 /* Heros.app */,
			);
			name = Products;
			sourceTree = "<group>";
		};
		ABFBE006248B00F6006D8A90 /* Heros */ = {
			isa = PBXGroup;
			children = (
				AB68950C24919BA700A3D827 /* MarvelClass.swift */,
				ABFBE007248B00F6006D8A90 /* AppDelegate.swift */,
				AB6895102491A7C500A3D827 /* Heros-Bridging-Header.h */,
				ABFBE009248B00F6006D8A90 /* SceneDelegate.swift */,
				ABFBE00B248B00F6006D8A90 /* ViewController.swift */,
				ABFBE00D248B00F6006D8A90 /* Main.storyboard */,
				ABFBE010248B00F7006D8A90 /* Assets.xcassets */,
				ABFBE012248B00F7006D8A90 /* LaunchScreen.storyboard */,
				ABFBE015248B00F7006D8A90 /* Info.plist */,
				AB24D47B2491231A0055153C /* ApiController.swift */,
				AB68950E2491A34800A3D827 /* HerosTableViewController.swift */,
				AB948C61249C2CEA009A1DBE /* HeroTableViewCell.swift */,
				ABC40DEF24A1771B007AA734 /* HeroViewController.swift */,
			);
			path = Heros;
			sourceTree = "<group>";
		};
		BC03CA3994393E5FE759B3DD /* Frameworks */ = {
			isa = PBXGroup;
			children = (
				059519BCA119D49DCD1CD7F3 /* Pods_Heros.framework */,
			);
			name = Frameworks;
			sourceTree = "<group>";
		};
/* End PBXGroup section */

/* Begin PBXNativeTarget section */
		ABFBE003248B00F6006D8A90 /* Heros */ = {
			isa = PBXNativeTarget;
			buildConfigurationList = ABFBE018248B00F7006D8A90 /* Build configuration list for PBXNativeTarget "Heros" */;
			buildPhases = (
				F30F997289CAAB0F13D80D5C /* [CP] Check Pods Manifest.lock */,
				ABFBE000248B00F6006D8A90 /* Sources */,
				ABFBE001248B00F6006D8A90 /* Frameworks */,
				ABFBE002248B00F6006D8A90 /* Resources */,
				C1899B74D6C26BF97A2B6469 /* [CP] Embed Pods Frameworks */,
			);
			buildRules = (
			);
			dependencies = (
			);
			name = Heros;
			productName = Heros;
			productReference = ABFBE004248B00F6006D8A90 /* Heros.app */;
			productType = "com.apple.product-type.application";
		};
/* End PBXNativeTarget section */

/* Begin PBXProject section */
		ABFBDFFC248B00F6006D8A90 /* Project object */ = {
			isa = PBXProject;
			attributes = {
				LastSwiftUpdateCheck = 1150;
				LastUpgradeCheck = 1150;
				ORGANIZATIONNAME = "Marcelo Block Teixeira";
				TargetAttributes = {
					ABFBE003248B00F6006D8A90 = {
						CreatedOnToolsVersion = 11.5;
						LastSwiftMigration = 1150;
					};
				};
			};
			buildConfigurationList = ABFBDFFF248B00F6006D8A90 /* Build configuration list for PBXProject "Heros" */;
			compatibilityVersion = "Xcode 9.3";
			developmentRegion = en;
			hasScannedForEncodings = 0;
			knownRegions = (
				en,
				Base,
			);
			mainGroup = ABFBDFFB248B00F6006D8A90;
			productRefGroup = ABFBE005248B00F6006D8A90 /* Products */;
			projectDirPath = "";
			projectRoot = "";
			targets = (
				ABFBE003248B00F6006D8A90 /* Heros */,
			);
		};
/* End PBXProject section */

/* Begin PBXResourcesBuildPhase section */
		ABFBE002248B00F6006D8A90 /* Resources */ = {
			isa = PBXResourcesBuildPhase;
			buildActionMask = 2147483647;
			files = (
				ABFBE014248B00F7006D8A90 /* LaunchScreen.storyboard in Resources */,
				ABFBE011248B00F7006D8A90 /* Assets.xcassets in Resources */,
				ABFBE00F248B00F6006D8A90 /* Main.storyboard in Resources */,
			);
			runOnlyForDeploymentPostprocessing = 0;
		};
/* End PBXResourcesBuildPhase section */

/* Begin PBXShellScriptBuildPhase section */
		C1899B74D6C26BF97A2B6469 /* [CP] Embed Pods Frameworks */ = {
			isa = PBXShellScriptBuildPhase;
			buildActionMask = 2147483647;
			files = (
			);
			inputFileListPaths = (
				"${PODS_ROOT}/Target Support Files/Pods-Heros/Pods-Heros-frameworks-${CONFIGURATION}-input-files.xcfilelist",
			);
			name = "[CP] Embed Pods Frameworks";
			outputFileListPaths = (
				"${PODS_ROOT}/Target Support Files/Pods-Heros/Pods-Heros-frameworks-${CONFIGURATION}-output-files.xcfilelist",
			);
			runOnlyForDeploymentPostprocessing = 0;
			shellPath = /bin/sh;
			shellScript = "\"${PODS_ROOT}/Target Support Files/Pods-Heros/Pods-Heros-frameworks.sh\"\n";
			showEnvVarsInLog = 0;
		};
		F30F997289CAAB0F13D80D5C /* [CP] Check Pods Manifest.lock */ = {
			isa = PBXShellScriptBuildPhase;
			buildActionMask = 2147483647;
			files = (
			);
			inputFileListPaths = (
			);
			inputPaths = (
				"${PODS_PODFILE_DIR_PATH}/Podfile.lock",
				"${PODS_ROOT}/Manifest.lock",
			);
			name = "[CP] Check Pods Manifest.lock";
			outputFileListPaths = (
			);
			outputPaths = (
				"$(DERIVED_FILE_DIR)/Pods-Heros-checkManifestLockResult.txt",
			);
			runOnlyForDeploymentPostprocessing = 0;
			shellPath = /bin/sh;
			shellScript = "diff \"${PODS_PODFILE_DIR_PATH}/Podfile.lock\" \"${PODS_ROOT}/Manifest.lock\" > /dev/null\nif [ $? != 0 ] ; then\n    # print error to STDERR\n    echo \"error: The sandbox is not in sync with the Podfile.lock. Run 'pod install' or update your CocoaPods installation.\" >&2\n    exit 1\nfi\n# This output is used by Xcode 'outputs' to avoid re-running this script phase.\necho \"SUCCESS\" > \"${SCRIPT_OUTPUT_FILE_0}\"\n";
			showEnvVarsInLog = 0;
		};
/* End PBXShellScriptBuildPhase section */

/* Begin PBXSourcesBuildPhase section */
		ABFBE000248B00F6006D8A90 /* Sources */ = {
			isa = PBXSourcesBuildPhase;
			buildActionMask = 2147483647;
			files = (
				ABC40DF024A1771B007AA734 /* HeroViewController.swift in Sources */,
				AB68950F2491A34800A3D827 /* HerosTableViewController.swift in Sources */,
				ABFBE00C248B00F6006D8A90 /* ViewController.swift in Sources */,
				AB24D47C2491231A0055153C /* ApiController.swift in Sources */,
				ABFBE008248B00F6006D8A90 /* AppDelegate.swift in Sources */,
				AB68950D24919BA800A3D827 /* MarvelClass.swift in Sources */,
				AB948C62249C2CEA009A1DBE /* HeroTableViewCell.swift in Sources */,
				ABFBE00A248B00F6006D8A90 /* SceneDelegate.swift in Sources */,
			);
			runOnlyForDeploymentPostprocessing = 0;
		};
/* End PBXSourcesBuildPhase section */

/* Begin PBXVariantGroup section */
		ABFBE00D248B00F6006D8A90 /* Main.storyboard */ = {
			isa = PBXVariantGroup;
			children = (
				ABFBE00E248B00F6006D8A90 /* Base */,
			);
			name = Main.storyboard;
			sourceTree = "<group>";
		};
		ABFBE012248B00F7006D8A90 /* LaunchScreen.storyboard */ = {
			isa = PBXVariantGroup;
			children = (
				ABFBE013248B00F7006D8A90 /* Base */,
			);
			name = LaunchScreen.storyboard;
			sourceTree = "<group>";
		};
/* End PBXVariantGroup section */

/* Begin XCBuildConfiguration section */
		ABFBE016248B00F7006D8A90 /* Debug */ = {
			isa = XCBuildConfiguration;
			buildSettings = {
				ALWAYS_SEARCH_USER_PATHS = NO;
				CLANG_ANALYZER_NONNULL = YES;
				CLANG_ANALYZER_NUMBER_OBJECT_CONVERSION = YES_AGGRESSIVE;
				CLANG_CXX_LANGUAGE_STANDARD = "gnu++14";
				CLANG_CXX_LIBRARY = "libc++";
				CLANG_ENABLE_MODULES = YES;
				CLANG_ENABLE_OBJC_ARC = YES;
				CLANG_ENABLE_OBJC_WEAK = YES;
				CLANG_WARN_BLOCK_CAPTURE_AUTORELEASING = YES;
				CLANG_WARN_BOOL_CONVERSION = YES;
				CLANG_WARN_COMMA = YES;
				CLANG_WARN_CONSTANT_CONVERSION = YES;
				CLANG_WARN_DEPRECATED_OBJC_IMPLEMENTATIONS = YES;
				CLANG_WARN_DIRECT_OBJC_ISA_USAGE = YES_ERROR;
				CLANG_WARN_DOCUMENTATION_COMMENTS = YES;
				CLANG_WARN_EMPTY_BODY = YES;
				CLANG_WARN_ENUM_CONVERSION = YES;
				CLANG_WARN_INFINITE_RECURSION = YES;
				CLANG_WARN_INT_CONVERSION = YES;
				CLANG_WARN_NON_LITERAL_NULL_CONVERSION = YES;
				CLANG_WARN_OBJC_IMPLICIT_RETAIN_SELF = YES;
				CLANG_WARN_OBJC_LITERAL_CONVERSION = YES;
				CLANG_WARN_OBJC_ROOT_CLASS = YES_ERROR;
				CLANG_WARN_RANGE_LOOP_ANALYSIS = YES;
				CLANG_WARN_STRICT_PROTOTYPES = YES;
				CLANG_WARN_SUSPICIOUS_MOVE = YES;
				CLANG_WARN_UNGUARDED_AVAILABILITY = YES_AGGRESSIVE;
				CLANG_WARN_UNREACHABLE_CODE = YES;
				CLANG_WARN__DUPLICATE_METHOD_MATCH = YES;
				COPY_PHASE_STRIP = NO;
				DEBUG_INFORMATION_FORMAT = dwarf;
				ENABLE_STRICT_OBJC_MSGSEND = YES;
				ENABLE_TESTABILITY = YES;
				GCC_C_LANGUAGE_STANDARD = gnu11;
				GCC_DYNAMIC_NO_PIC = NO;
				GCC_NO_COMMON_BLOCKS = YES;
				GCC_OPTIMIZATION_LEVEL = 0;
				GCC_PREPROCESSOR_DEFINITIONS = (
					"DEBUG=1",
					"$(inherited)",
				);
				GCC_WARN_64_TO_32_BIT_CONVERSION = YES;
				GCC_WARN_ABOUT_RETURN_TYPE = YES_ERROR;
				GCC_WARN_UNDECLARED_SELECTOR = YES;
				GCC_WARN_UNINITIALIZED_AUTOS = YES_AGGRESSIVE;
				GCC_WARN_UNUSED_FUNCTION = YES;
				GCC_WARN_UNUSED_VARIABLE = YES;
				IPHONEOS_DEPLOYMENT_TARGET = 13.5;
				MTL_ENABLE_DEBUG_INFO = INCLUDE_SOURCE;
				MTL_FAST_MATH = YES;
				ONLY_ACTIVE_ARCH = YES;
				SDKROOT = iphoneos;
				SWIFT_ACTIVE_COMPILATION_CONDITIONS = DEBUG;
				SWIFT_OPTIMIZATION_LEVEL = "-Onone";
			};
			name = Debug;
		};
		ABFBE017248B00F7006D8A90 /* Release */ = {
			isa = XCBuildConfiguration;
			buildSettings = {
				ALWAYS_SEARCH_USER_PATHS = NO;
				CLANG_ANALYZER_NONNULL = YES;
				CLANG_ANALYZER_NUMBER_OBJECT_CONVERSION = YES_AGGRESSIVE;
				CLANG_CXX_LANGUAGE_STANDARD = "gnu++14";
				CLANG_CXX_LIBRARY = "libc++";
				CLANG_ENABLE_MODULES = YES;
				CLANG_ENABLE_OBJC_ARC = YES;
				CLANG_ENABLE_OBJC_WEAK = YES;
				CLANG_WARN_BLOCK_CAPTURE_AUTORELEASING = YES;
				CLANG_WARN_BOOL_CONVERSION = YES;
				CLANG_WARN_COMMA = YES;
				CLANG_WARN_CONSTANT_CONVERSION = YES;
				CLANG_WARN_DEPRECATED_OBJC_IMPLEMENTATIONS = YES;
				CLANG_WARN_DIRECT_OBJC_ISA_USAGE = YES_ERROR;
				CLANG_WARN_DOCUMENTATION_COMMENTS = YES;
				CLANG_WARN_EMPTY_BODY = YES;
				CLANG_WARN_ENUM_CONVERSION = YES;
				CLANG_WARN_INFINITE_RECURSION = YES;
				CLANG_WARN_INT_CONVERSION = YES;
				CLANG_WARN_NON_LITERAL_NULL_CONVERSION = YES;
				CLANG_WARN_OBJC_IMPLICIT_RETAIN_SELF = YES;
				CLANG_WARN_OBJC_LITERAL_CONVERSION = YES;
				CLANG_WARN_OBJC_ROOT_CLASS = YES_ERROR;
				CLANG_WARN_RANGE_LOOP_ANALYSIS = YES;
				CLANG_WARN_STRICT_PROTOTYPES = YES;
				CLANG_WARN_SUSPICIOUS_MOVE = YES;
				CLANG_WARN_UNGUARDED_AVAILABILITY = YES_AGGRESSIVE;
				CLANG_WARN_UNREACHABLE_CODE = YES;
				CLANG_WARN__DUPLICATE_METHOD_MATCH = YES;
				COPY_PHASE_STRIP = NO;
				DEBUG_INFORMATION_FORMAT = "dwarf-with-dsym";
				ENABLE_NS_ASSERTIONS = NO;
				ENABLE_STRICT_OBJC_MSGSEND = YES;
				GCC_C_LANGUAGE_STANDARD = gnu11;
				GCC_NO_COMMON_BLOCKS = YES;
				GCC_WARN_64_TO_32_BIT_CONVERSION = YES;
				GCC_WARN_ABOUT_RETURN_TYPE = YES_ERROR;
				GCC_WARN_UNDECLARED_SELECTOR = YES;
				GCC_WARN_UNINITIALIZED_AUTOS = YES_AGGRESSIVE;
				GCC_WARN_UNUSED_FUNCTION = YES;
				GCC_WARN_UNUSED_VARIABLE = YES;
				IPHONEOS_DEPLOYMENT_TARGET = 13.5;
				MTL_ENABLE_DEBUG_INFO = NO;
				MTL_FAST_MATH = YES;
				SDKROOT = iphoneos;
				SWIFT_COMPILATION_MODE = wholemodule;
				SWIFT_OPTIMIZATION_LEVEL = "-O";
				VALIDATE_PRODUCT = YES;
			};
			name = Release;
		};
		ABFBE019248B00F7006D8A90 /* Debug */ = {
			isa = XCBuildConfiguration;
			baseConfigurationReference = 0823D3CD4A29E4440D939C68 /* Pods-Heros.debug.xcconfig */;
			buildSettings = {
				ASSETCATALOG_COMPILER_APPICON_NAME = AppIcon;
				CLANG_ENABLE_MODULES = YES;
				CODE_SIGN_STYLE = Automatic;
				DEVELOPMENT_TEAM = D9D6JL4SD7;
				INFOPLIST_FILE = Heros/Info.plist;
				LD_RUNPATH_SEARCH_PATHS = (
					"$(inherited)",
					"@executable_path/Frameworks",
				);
				PRODUCT_BUNDLE_IDENTIFIER = br.com.marcelo.Heros;
				PRODUCT_NAME = "$(TARGET_NAME)";
				SWIFT_OBJC_BRIDGING_HEADER = "Heros/Heros-Bridging-Header.h";
				SWIFT_OPTIMIZATION_LEVEL = "-Onone";
				SWIFT_VERSION = 5.0;
				TARGETED_DEVICE_FAMILY = "1,2";
			};
			name = Debug;
		};
		ABFBE01A248B00F7006D8A90 /* Release */ = {
			isa = XCBuildConfiguration;
			baseConfigurationReference = DD53C46557704D16594605B7 /* Pods-Heros.release.xcconfig */;
			buildSettings = {
				ASSETCATALOG_COMPILER_APPICON_NAME = AppIcon;
				CLANG_ENABLE_MODULES = YES;
				CODE_SIGN_STYLE = Automatic;
				DEVELOPMENT_TEAM = D9D6JL4SD7;
				INFOPLIST_FILE = Heros/Info.plist;
				LD_RUNPATH_SEARCH_PATHS = (
					"$(inherited)",
					"@executable_path/Frameworks",
				);
				PRODUCT_BUNDLE_IDENTIFIER = br.com.marcelo.Heros;
				PRODUCT_NAME = "$(TARGET_NAME)";
				SWIFT_OBJC_BRIDGING_HEADER = "Heros/Heros-Bridging-Header.h";
				SWIFT_VERSION = 5.0;
				TARGETED_DEVICE_FAMILY = "1,2";
			};
			name = Release;
		};
/* End XCBuildConfiguration section */

/* Begin XCConfigurationList section */
		ABFBDFFF248B00F6006D8A90 /* Build configuration list for PBXProject "Heros" */ = {
			isa = XCConfigurationList;
			buildConfigurations = (
				ABFBE016248B00F7006D8A90 /* Debug */,
				ABFBE017248B00F7006D8A90 /* Release */,
			);
			defaultConfigurationIsVisible = 0;
			defaultConfigurationName = Release;
		};
		ABFBE018248B00F7006D8A90 /* Build configuration list for PBXNativeTarget "Heros" */ = {
			isa = XCConfigurationList;
			buildConfigurations = (
				ABFBE019248B00F7006D8A90 /* Debug */,
				ABFBE01A248B00F7006D8A90 /* Release */,
			);
			defaultConfigurationIsVisible = 0;
			defaultConfigurationName = Release;
		};
/* End XCConfigurationList section */
	};
	rootObject = ABFBDFFC248B00F6006D8A90 /* Project object */;
}
